# This file is automatically @generated by Cargo.
# It is not intended for manual editing.
version = 4

[[package]]
name = "editor"
version = "0.1.0"
dependencies = [
 "piecetable",
]

[[package]]
name = "piecetable"
version = "0.2.1"
source = "registry+https://github.com/rust-lang/crates.io-index"
checksum = "029dcc53aba4dcd4d5eae3ceb96f1caf452ac34cfedb14fb256492496d8f8979"
